
Microsoft Visual Studio Solution File, Format Version 12.00
# Visual Studio Version 16
VisualStudioVersion = 16.0.28803.202
MinimumVisualStudioVersion = 10.0.40219.1
Project("{FAE04EC0-301F-11D3-BF4B-00C04F79EFBC}") = "Isis", "Isis\Isis.csproj", "{B1567F7B-B0A2-4274-9EEC-2E8D639B931C}"
EndProject
Global
	GlobalSection(SolutionConfigurationPlatforms) = preSolution
		Debug|Any CPU = Debug|Any CPU
		Release|Any CPU = Release|Any CPU
	EndGlobalSection
	GlobalSection(ProjectConfigurationPlatforms) = postSolution
		{B1567F7B-B0A2-4274-9EEC-2E8D639B931C}.Debug|Any CPU.ActiveCfg = Debug|Any CPU
		{B1567F7B-B0A2-4274-9EEC-2E8D639B931C}.Debug|Any CPU.Build.0 = Debug|Any CPU
		{B1567F7B-B0A2-4274-9EEC-2E8D639B931C}.Release|Any CPU.ActiveCfg = Release|Any CPU
		{B1567F7B-B0A2-4274-9EEC-2E8D639B931C}.Release|Any CPU.Build.0 = Release|Any CPU
	EndGlobalSection
	GlobalSection(SolutionProperties) = preSolution
		HideSolutionNode = FALSE
	EndGlobalSection
	GlobalSection(ExtensibilityGlobals) = postSolution
		SolutionGuid = {AD47B8DE-1B7B-4821-8C2B-99D24813EB83}
	EndGlobalSection
EndGlobal
